<Project ToolsVersion="4.0" xmlns="http://schemas.microsoft.com/developer/msbuild/2003">
  <ItemGroup>
    <Filter Include="Source Files">
      <UniqueIdentifier>{4FC737F1-C7A5-4376-A066-2A32D752A2FF}</UniqueIdentifier>
      <Extensions>cpp;c;cc;cxx;def;odl;idl;hpj;bat;asm;asmx</Extensions>
    </Filter>
    <Filter Include="Header Files">
      <UniqueIdentifier>{93995380-89BD-4b04-88EB-625FBE52EBFB}</UniqueIdentifier>
      <Extensions>h;hpp;hxx;hm;inl;inc;xsd</Extensions>
    </Filter>
    <Filter Include="Resource Files">
      <UniqueIdentifier>{67DA6AB6-F800-4c08-8B7A-83BB121AAD01}</UniqueIdentifier>
      <Extensions>rc;ico;cur;bmp;dlg;rc2;rct;bin;rgs;gif;jpg;jpeg;jpe;resx;tiff;tif;png;wav</Extensions>
    </Filter>
    <Filter Include="Blocks">
      <UniqueIdentifier>{5E9E73B7-CAFB-4B33-BA16-68EAE8405236}</UniqueIdentifier>
    </Filter>
    <Filter Include="Blocks\Cinder-Sensel">
      <UniqueIdentifier>{5A11C052-878C-42A1-8957-CCD84A158151}</UniqueIdentifier>
    </Filter>
    <Filter Include="Blocks\Cinder-Sensel\src">
      <UniqueIdentifier>{9F5C50E5-068F-424E-A540-EB3577DAE90D}</UniqueIdentifier>
    </Filter>
    <Filter Include="Blocks\Cinder-Sensel\C:">
      <UniqueIdentifier>{EC13F1F0-4600-4392-9BA6-E8CA4A649066}</UniqueIdentifier>
    </Filter>
    <Filter Include="Blocks\Cinder-Sensel\C:\Program Files">
      <UniqueIdentifier>{FA983335-EF07-42B3-B52C-AD3A76FFD06E}</UniqueIdentifier>
    </Filter>
    <Filter Include="Blocks\Cinder-Sensel\C:\Program Files\Sensel">
      <UniqueIdentifier>{BD164A7E-CFB7-4E2F-85FB-F2435C35D329}</UniqueIdentifier>
    </Filter>
    <Filter Include="Blocks\Cinder-Sensel\C:\Program Files\Sensel\SenselLib">
      <UniqueIdentifier>{93710814-4E43-47CD-BA5C-1413165F6F94}</UniqueIdentifier>
    </Filter>
    <Filter Include="Blocks\Cinder-Sensel\C:\Program Files\Sensel\SenselLib\include">
      <UniqueIdentifier>{5A93C7E5-0C6F-47AF-9700-E28492042575}</UniqueIdentifier>
    </Filter>
  </ItemGroup>
  <ItemGroup>
    <ClCompile Include="..\src\CinderSenselSampleApp.cpp">
      <Filter>Source Files</Filter>
    </ClCompile>
    <ClCompile Include="..\src\CinderSenselSampleApp.cpp">
      <Filter>Source Files</Filter>
    </ClCompile>
    <ClInclude Include="..\include\Resources.h">
      <Filter>Header Files</Filter>
    </ClInclude>
    <ClInclude Include="C:\Program Files\Sensel\SenselLib\include\sensel.h">
      <Filter>Blocks\Cinder-Sensel\C:\Program Files\Sensel\SenselLib\include</Filter>
    </ClInclude>
    <ClInclude Include="C:\Program Files\Sensel\SenselLib\include\sensel_decompress.h">
      <Filter>Blocks\Cinder-Sensel\C:\Program Files\Sensel\SenselLib\include</Filter>
    </ClInclude>
    <ClInclude Include="C:\Program Files\Sensel\SenselLib\include\sensel_device.h">
      <Filter>Blocks\Cinder-Sensel\C:\Program Files\Sensel\SenselLib\include</Filter>
    </ClInclude>
    <ClInclude Include="C:\Program Files\Sensel\SenselLib\include\sensel_protocol.h">
      <Filter>Blocks\Cinder-Sensel\C:\Program Files\Sensel\SenselLib\include</Filter>
    </ClInclude>
    <ClInclude Include="C:\Program Files\Sensel\SenselLib\include\sensel_types.h">
      <Filter>Blocks\Cinder-Sensel\C:\Program Files\Sensel\SenselLib\include</Filter>
    </ClInclude>
    <ClCompile Include="..\..\..\src\SenselMorphDevice.cpp">
      <Filter>Blocks\Cinder-Sensel\src</Filter>
    </ClCompile>
    <ClCompile Include="..\..\..\src\SenselMorphManager.cpp">
      <Filter>Blocks\Cinder-Sensel\src</Filter>
    </ClCompile>
  </ItemGroup>
  <ItemGroup>
    <ClInclude Include="..\include\Resources.h">
      <Filter>Header Files</Filter>
    </ClInclude>
    <ClInclude Include="..\..\..\src\SenselMorphDevice.h">
      <Filter>Blocks\Cinder-Sensel\src</Filter>
    </ClInclude>
    <ClInclude Include="..\..\..\src\SenselMorphManager.h">
      <Filter>Blocks\Cinder-Sensel\src</Filter>
    </ClInclude>
  </ItemGroup>
  <ItemGroup>
    <ResourceCompile Include="Resources.rc">
      <Filter>Resource Files</Filter>
    </ResourceCompile>
  </ItemGroup>
</Project>